// !$*UTF8*$!
{
	archiveVersion = 1;
	classes = {
	};
	objectVersion = 55;
	objects = {

/* Begin PBXBuildFile section */
		5F1A9D042833AA3E004A8798 /* RepositoriesListViewController.swift in Sources */ = {isa = PBXBuildFile; fileRef = 5F1A9D022833AA3E004A8798 /* RepositoriesListViewController.swift */; };
		5F1A9D052833AA3E004A8798 /* RepositoriesListViewController.xib in Resources */ = {isa = PBXBuildFile; fileRef = 5F1A9D032833AA3E004A8798 /* RepositoriesListViewController.xib */; };
		5F1A9D092833C3D0004A8798 /* RepoTableViewCell.swift in Sources */ = {isa = PBXBuildFile; fileRef = 5F1A9D072833C3D0004A8798 /* RepoTableViewCell.swift */; };
		5F1A9D0A2833C3D0004A8798 /* RepoTableViewCell.xib in Resources */ = {isa = PBXBuildFile; fileRef = 5F1A9D082833C3D0004A8798 /* RepoTableViewCell.xib */; };
		5F6FF8512837D16000779FAE /* File.swift in Sources */ = {isa = PBXBuildFile; fileRef = 5F6FF8502837D16000779FAE /* File.swift */; };
		5F85C79F28377C080097EE34 /* DetailViewController.swift in Sources */ = {isa = PBXBuildFile; fileRef = 5F85C79D28377C080097EE34 /* DetailViewController.swift */; };
		5F85C7A028377C080097EE34 /* DetailViewController.xib in Resources */ = {isa = PBXBuildFile; fileRef = 5F85C79E28377C080097EE34 /* DetailViewController.xib */; };
		5F86401B28368E9900BF423F /* AuthViewController.swift in Sources */ = {isa = PBXBuildFile; fileRef = 5FDADE9D282E53A70037B2C3 /* AuthViewController.swift */; };
		5F86401D283693E900BF423F /* Extension+UIView.swift in Sources */ = {isa = PBXBuildFile; fileRef = 5F86401C283693E900BF423F /* Extension+UIView.swift */; };
		5FCD5B34283237ED00F43761 /* NetworkManager.swift in Sources */ = {isa = PBXBuildFile; fileRef = 5FCD5B33283237ED00F43761 /* NetworkManager.swift */; };
		5FCD5B3628324C6600F43761 /* Repo.swift in Sources */ = {isa = PBXBuildFile; fileRef = 5FCD5B3528324C6600F43761 /* Repo.swift */; };
		5FDADE83282E416B0037B2C3 /* AppDelegate.swift in Sources */ = {isa = PBXBuildFile; fileRef = 5FDADE82282E416B0037B2C3 /* AppDelegate.swift */; };
		5FDADE85282E416B0037B2C3 /* SceneDelegate.swift in Sources */ = {isa = PBXBuildFile; fileRef = 5FDADE84282E416B0037B2C3 /* SceneDelegate.swift */; };
		5FDADE8C282E416C0037B2C3 /* Assets.xcassets in Resources */ = {isa = PBXBuildFile; fileRef = 5FDADE8B282E416C0037B2C3 /* Assets.xcassets */; };
		5FDADE8F282E416C0037B2C3 /* LaunchScreen.storyboard in Resources */ = {isa = PBXBuildFile; fileRef = 5FDADE8D282E416C0037B2C3 /* LaunchScreen.storyboard */; };
		5FDADEA0282E53A70037B2C3 /* AuthViewController.xib in Resources */ = {isa = PBXBuildFile; fileRef = 5FDADE9E282E53A70037B2C3 /* AuthViewController.xib */; };
		5FDADEA3282E58330037B2C3 /* Extension+UIColor.swift in Sources */ = {isa = PBXBuildFile; fileRef = 5FDADEA2282E58330037B2C3 /* Extension+UIColor.swift */; };
		5FE42EE7283BBB7E00F02FCC /* Reachability.swift in Sources */ = {isa = PBXBuildFile; fileRef = 5FE42EE6283BBB7E00F02FCC /* Reachability.swift */; };
		D7F6829866F1AD7010F835A5 /* Pods_Icerock.framework in Frameworks */ = {isa = PBXBuildFile; fileRef = 72538E464DA0765A0BF129B5 /* Pods_Icerock.framework */; };
/* End PBXBuildFile section */

/* Begin PBXFileReference section */
		5F1A9D022833AA3E004A8798 /* RepositoriesListViewController.swift */ = {isa = PBXFileReference; lastKnownFileType = sourcecode.swift; path = RepositoriesListViewController.swift; sourceTree = "<group>"; };
		5F1A9D032833AA3E004A8798 /* RepositoriesListViewController.xib */ = {isa = PBXFileReference; lastKnownFileType = file.xib; path = RepositoriesListViewController.xib; sourceTree = "<group>"; };
		5F1A9D072833C3D0004A8798 /* RepoTableViewCell.swift */ = {isa = PBXFileReference; lastKnownFileType = sourcecode.swift; path = RepoTableViewCell.swift; sourceTree = "<group>"; };
		5F1A9D082833C3D0004A8798 /* RepoTableViewCell.xib */ = {isa = PBXFileReference; lastKnownFileType = file.xib; path = RepoTableViewCell.xib; sourceTree = "<group>"; };
		5F6FF8502837D16000779FAE /* File.swift */ = {isa = PBXFileReference; lastKnownFileType = sourcecode.swift; path = File.swift; sourceTree = "<group>"; };
		5F85C79D28377C080097EE34 /* DetailViewController.swift */ = {isa = PBXFileReference; lastKnownFileType = sourcecode.swift; path = DetailViewController.swift; sourceTree = "<group>"; };
		5F85C79E28377C080097EE34 /* DetailViewController.xib */ = {isa = PBXFileReference; lastKnownFileType = file.xib; path = DetailViewController.xib; sourceTree = "<group>"; };
		5F86401C283693E900BF423F /* Extension+UIView.swift */ = {isa = PBXFileReference; lastKnownFileType = sourcecode.swift; path = "Extension+UIView.swift"; sourceTree = "<group>"; };
		5FCD5B33283237ED00F43761 /* NetworkManager.swift */ = {isa = PBXFileReference; lastKnownFileType = sourcecode.swift; path = NetworkManager.swift; sourceTree = "<group>"; };
		5FCD5B3528324C6600F43761 /* Repo.swift */ = {isa = PBXFileReference; lastKnownFileType = sourcecode.swift; path = Repo.swift; sourceTree = "<group>"; };
		5FDADE7F282E416B0037B2C3 /* Icerock.app */ = {isa = PBXFileReference; explicitFileType = wrapper.application; includeInIndex = 0; path = Icerock.app; sourceTree = BUILT_PRODUCTS_DIR; };
		5FDADE82282E416B0037B2C3 /* AppDelegate.swift */ = {isa = PBXFileReference; lastKnownFileType = sourcecode.swift; path = AppDelegate.swift; sourceTree = "<group>"; };
		5FDADE84282E416B0037B2C3 /* SceneDelegate.swift */ = {isa = PBXFileReference; lastKnownFileType = sourcecode.swift; path = SceneDelegate.swift; sourceTree = "<group>"; };
		5FDADE8B282E416C0037B2C3 /* Assets.xcassets */ = {isa = PBXFileReference; lastKnownFileType = folder.assetcatalog; path = Assets.xcassets; sourceTree = "<group>"; };
		5FDADE8E282E416C0037B2C3 /* Base */ = {isa = PBXFileReference; lastKnownFileType = file.storyboard; name = Base; path = Base.lproj/LaunchScreen.storyboard; sourceTree = "<group>"; };
		5FDADE90282E416C0037B2C3 /* Info.plist */ = {isa = PBXFileReference; lastKnownFileType = text.plist.xml; path = Info.plist; sourceTree = "<group>"; };
		5FDADE9D282E53A70037B2C3 /* AuthViewController.swift */ = {isa = PBXFileReference; lastKnownFileType = sourcecode.swift; path = AuthViewController.swift; sourceTree = "<group>"; };
		5FDADE9E282E53A70037B2C3 /* AuthViewController.xib */ = {isa = PBXFileReference; lastKnownFileType = file.xib; path = AuthViewController.xib; sourceTree = "<group>"; };
		5FDADEA2282E58330037B2C3 /* Extension+UIColor.swift */ = {isa = PBXFileReference; lastKnownFileType = sourcecode.swift; path = "Extension+UIColor.swift"; sourceTree = "<group>"; };
		5FE42EE6283BBB7E00F02FCC /* Reachability.swift */ = {isa = PBXFileReference; lastKnownFileType = sourcecode.swift; path = Reachability.swift; sourceTree = "<group>"; };
		72538E464DA0765A0BF129B5 /* Pods_Icerock.framework */ = {isa = PBXFileReference; explicitFileType = wrapper.framework; includeInIndex = 0; path = Pods_Icerock.framework; sourceTree = BUILT_PRODUCTS_DIR; };
		B698BE3D10323277606385DB /* Pods-Icerock.release.xcconfig */ = {isa = PBXFileReference; includeInIndex = 1; lastKnownFileType = text.xcconfig; name = "Pods-Icerock.release.xcconfig"; path = "Target Support Files/Pods-Icerock/Pods-Icerock.release.xcconfig"; sourceTree = "<group>"; };
		EAAE835002A7C31954E63CE5 /* Pods-Icerock.debug.xcconfig */ = {isa = PBXFileReference; includeInIndex = 1; lastKnownFileType = text.xcconfig; name = "Pods-Icerock.debug.xcconfig"; path = "Target Support Files/Pods-Icerock/Pods-Icerock.debug.xcconfig"; sourceTree = "<group>"; };
/* End PBXFileReference section */

/* Begin PBXFrameworksBuildPhase section */
		5FDADE7C282E416B0037B2C3 /* Frameworks */ = {
			isa = PBXFrameworksBuildPhase;
			buildActionMask = 2147483647;
			files = (
				D7F6829866F1AD7010F835A5 /* Pods_Icerock.framework in Frameworks */,
			);
			runOnlyForDeploymentPostprocessing = 0;
		};
/* End PBXFrameworksBuildPhase section */

/* Begin PBXGroup section */
		5F1A9CFF2833A78F004A8798 /* Models */ = {
			isa = PBXGroup;
			children = (
				5FCD5B3528324C6600F43761 /* Repo.swift */,
			);
			path = Models;
			sourceTree = "<group>";
		};
		5F1A9D002833A82A004A8798 /* AuthView */ = {
			isa = PBXGroup;
			children = (
				5FDADE9D282E53A70037B2C3 /* AuthViewController.swift */,
				5FDADE9E282E53A70037B2C3 /* AuthViewController.xib */,
			);
			path = AuthView;
			sourceTree = "<group>";
		};
		5F1A9D012833A847004A8798 /* NetWorks */ = {
			isa = PBXGroup;
			children = (
				5FCD5B33283237ED00F43761 /* NetworkManager.swift */,
				5FE42EE6283BBB7E00F02FCC /* Reachability.swift */,
			);
			path = NetWorks;
			sourceTree = "<group>";
		};
		5F1A9D062833AA4A004A8798 /* RepositoriesList */ = {
			isa = PBXGroup;
			children = (
				5F1A9D022833AA3E004A8798 /* RepositoriesListViewController.swift */,
				5F1A9D032833AA3E004A8798 /* RepositoriesListViewController.xib */,
				5F1A9D0B2833C3D6004A8798 /* RepoTableViewCell */,
				5F85C7A128377C100097EE34 /* DetailViewController */,
			);
			path = RepositoriesList;
			sourceTree = "<group>";
		};
		5F1A9D0B2833C3D6004A8798 /* RepoTableViewCell */ = {
			isa = PBXGroup;
			children = (
				5F1A9D072833C3D0004A8798 /* RepoTableViewCell.swift */,
				5F1A9D082833C3D0004A8798 /* RepoTableViewCell.xib */,
			);
			path = RepoTableViewCell;
			sourceTree = "<group>";
		};
		5F85C7A128377C100097EE34 /* DetailViewController */ = {
			isa = PBXGroup;
			children = (
				5F85C79D28377C080097EE34 /* DetailViewController.swift */,
				5F85C79E28377C080097EE34 /* DetailViewController.xib */,
			);
			path = DetailViewController;
			sourceTree = "<group>";
		};
		5FDADE76282E416B0037B2C3 = {
			isa = PBXGroup;
			children = (
				5FDADE81282E416B0037B2C3 /* Icerock */,
				5FDADE80282E416B0037B2C3 /* Products */,
				896703D767D024AF310C0B97 /* Pods */,
				B1293ECF5B61A9C670602B31 /* Frameworks */,
			);
			sourceTree = "<group>";
		};
		5FDADE80282E416B0037B2C3 /* Products */ = {
			isa = PBXGroup;
			children = (
				5FDADE7F282E416B0037B2C3 /* Icerock.app */,
			);
			name = Products;
			sourceTree = "<group>";
		};
		5FDADE81282E416B0037B2C3 /* Icerock */ = {
			isa = PBXGroup;
			children = (
				5F1A9D012833A847004A8798 /* NetWorks */,
				5FDADEA1282E581F0037B2C3 /* Extension */,
				5FDADE82282E416B0037B2C3 /* AppDelegate.swift */,
				5FDADE84282E416B0037B2C3 /* SceneDelegate.swift */,
				5FDADE8B282E416C0037B2C3 /* Assets.xcassets */,
				5FDADE8D282E416C0037B2C3 /* LaunchScreen.storyboard */,
				5FDADE90282E416C0037B2C3 /* Info.plist */,
				5F1A9D062833AA4A004A8798 /* RepositoriesList */,
				5F1A9D002833A82A004A8798 /* AuthView */,
				5F1A9CFF2833A78F004A8798 /* Models */,
			);
			path = Icerock;
			sourceTree = "<group>";
		};
		5FDADEA1282E581F0037B2C3 /* Extension */ = {
			isa = PBXGroup;
			children = (
				5FDADEA2282E58330037B2C3 /* Extension+UIColor.swift */,
				5F86401C283693E900BF423F /* Extension+UIView.swift */,
				5F6FF8502837D16000779FAE /* File.swift */,
			);
			path = Extension;
			sourceTree = "<group>";
		};
		896703D767D024AF310C0B97 /* Pods */ = {
			isa = PBXGroup;
			children = (
				EAAE835002A7C31954E63CE5 /* Pods-Icerock.debug.xcconfig */,
				B698BE3D10323277606385DB /* Pods-Icerock.release.xcconfig */,
			);
			path = Pods;
			sourceTree = "<group>";
		};
		B1293ECF5B61A9C670602B31 /* Frameworks */ = {
			isa = PBXGroup;
			children = (
				72538E464DA0765A0BF129B5 /* Pods_Icerock.framework */,
			);
			name = Frameworks;
			sourceTree = "<group>";
		};
/* End PBXGroup section */

/* Begin PBXNativeTarget section */
		5FDADE7E282E416B0037B2C3 /* Icerock */ = {
			isa = PBXNativeTarget;
			buildConfigurationList = 5FDADE93282E416C0037B2C3 /* Build configuration list for PBXNativeTarget "Icerock" */;
			buildPhases = (
				1753210910DA6429903B6625 /* [CP] Check Pods Manifest.lock */,
				5FDADE7B282E416B0037B2C3 /* Sources */,
				5FDADE7C282E416B0037B2C3 /* Frameworks */,
				5FDADE7D282E416B0037B2C3 /* Resources */,
				7363BA28417EE8A19E9DE9F5 /* [CP] Embed Pods Frameworks */,
			);
			buildRules = (
			);
			dependencies = (
			);
			name = Icerock;
			productName = Icerock;
			productReference = 5FDADE7F282E416B0037B2C3 /* Icerock.app */;
			productType = "com.apple.product-type.application";
		};
/* End PBXNativeTarget section */

/* Begin PBXProject section */
		5FDADE77282E416B0037B2C3 /* Project object */ = {
			isa = PBXProject;
			attributes = {
				BuildIndependentTargetsInParallel = 1;
				LastSwiftUpdateCheck = 1320;
				LastUpgradeCheck = 1320;
				TargetAttributes = {
					5FDADE7E282E416B0037B2C3 = {
						CreatedOnToolsVersion = 13.2.1;
					};
				};
			};
			buildConfigurationList = 5FDADE7A282E416B0037B2C3 /* Build configuration list for PBXProject "Icerock" */;
			compatibilityVersion = "Xcode 13.0";
			developmentRegion = en;
			hasScannedForEncodings = 0;
			knownRegions = (
				en,
				Base,
			);
			mainGroup = 5FDADE76282E416B0037B2C3;
			productRefGroup = 5FDADE80282E416B0037B2C3 /* Products */;
			projectDirPath = "";
			projectRoot = "";
			targets = (
				5FDADE7E282E416B0037B2C3 /* Icerock */,
			);
		};
/* End PBXProject section */

/* Begin PBXResourcesBuildPhase section */
		5FDADE7D282E416B0037B2C3 /* Resources */ = {
			isa = PBXResourcesBuildPhase;
			buildActionMask = 2147483647;
			files = (
				5FDADEA0282E53A70037B2C3 /* AuthViewController.xib in Resources */,
				5F85C7A028377C080097EE34 /* DetailViewController.xib in Resources */,
				5FDADE8F282E416C0037B2C3 /* LaunchScreen.storyboard in Resources */,
				5F1A9D052833AA3E004A8798 /* RepositoriesListViewController.xib in Resources */,
				5FDADE8C282E416C0037B2C3 /* Assets.xcassets in Resources */,
				5F1A9D0A2833C3D0004A8798 /* RepoTableViewCell.xib in Resources */,
			);
			runOnlyForDeploymentPostprocessing = 0;
		};
/* End PBXResourcesBuildPhase section */

/* Begin PBXShellScriptBuildPhase section */
		1753210910DA6429903B6625 /* [CP] Check Pods Manifest.lock */ = {
			isa = PBXShellScriptBuildPhase;
			buildActionMask = 2147483647;
			files = (
			);
			inputFileListPaths = (
			);
			inputPaths = (
				"${PODS_PODFILE_DIR_PATH}/Podfile.lock",
				"${PODS_ROOT}/Manifest.lock",
			);
			name = "[CP] Check Pods Manifest.lock";
			outputFileListPaths = (
			);
			outputPaths = (
				"$(DERIVED_FILE_DIR)/Pods-Icerock-checkManifestLockResult.txt",
			);
			runOnlyForDeploymentPostprocessing = 0;
			shellPath = /bin/sh;
			shellScript = "diff \"${PODS_PODFILE_DIR_PATH}/Podfile.lock\" \"${PODS_ROOT}/Manifest.lock\" > /dev/null\nif [ $? != 0 ] ; then\n    # print error to STDERR\n    echo \"error: The sandbox is not in sync with the Podfile.lock. Run 'pod install' or update your CocoaPods installation.\" >&2\n    exit 1\nfi\n# This output is used by Xcode 'outputs' to avoid re-running this script phase.\necho \"SUCCESS\" > \"${SCRIPT_OUTPUT_FILE_0}\"\n";
			showEnvVarsInLog = 0;
		};
		7363BA28417EE8A19E9DE9F5 /* [CP] Embed Pods Frameworks */ = {
			isa = PBXShellScriptBuildPhase;
			buildActionMask = 2147483647;
			files = (
			);
			inputFileListPaths = (
				"${PODS_ROOT}/Target Support Files/Pods-Icerock/Pods-Icerock-frameworks-${CONFIGURATION}-input-files.xcfilelist",
			);
			name = "[CP] Embed Pods Frameworks";
			outputFileListPaths = (
				"${PODS_ROOT}/Target Support Files/Pods-Icerock/Pods-Icerock-frameworks-${CONFIGURATION}-output-files.xcfilelist",
			);
			runOnlyForDeploymentPostprocessing = 0;
			shellPath = /bin/sh;
			shellScript = "\"${PODS_ROOT}/Target Support Files/Pods-Icerock/Pods-Icerock-frameworks.sh\"\n";
			showEnvVarsInLog = 0;
		};
/* End PBXShellScriptBuildPhase section */

/* Begin PBXSourcesBuildPhase section */
		5FDADE7B282E416B0037B2C3 /* Sources */ = {
			isa = PBXSourcesBuildPhase;
			buildActionMask = 2147483647;
			files = (
				5FDADE83282E416B0037B2C3 /* AppDelegate.swift in Sources */,
				5FDADE85282E416B0037B2C3 /* SceneDelegate.swift in Sources */,
				5FE42EE7283BBB7E00F02FCC /* Reachability.swift in Sources */,
				5F1A9D092833C3D0004A8798 /* RepoTableViewCell.swift in Sources */,
				5FCD5B3628324C6600F43761 /* Repo.swift in Sources */,
				5F86401B28368E9900BF423F /* AuthViewController.swift in Sources */,
				5F1A9D042833AA3E004A8798 /* RepositoriesListViewController.swift in Sources */,
				5FDADEA3282E58330037B2C3 /* Extension+UIColor.swift in Sources */,
				5F85C79F28377C080097EE34 /* DetailViewController.swift in Sources */,
				5F86401D283693E900BF423F /* Extension+UIView.swift in Sources */,
				5F6FF8512837D16000779FAE /* File.swift in Sources */,
				5FCD5B34283237ED00F43761 /* NetworkManager.swift in Sources */,
			);
			runOnlyForDeploymentPostprocessing = 0;
		};
/* End PBXSourcesBuildPhase section */

/* Begin PBXVariantGroup section */
		5FDADE8D282E416C0037B2C3 /* LaunchScreen.storyboard */ = {
			isa = PBXVariantGroup;
			children = (
				5FDADE8E282E416C0037B2C3 /* Base */,
			);
			name = LaunchScreen.storyboard;
			sourceTree = "<group>";
		};
/* End PBXVariantGroup section */

/* Begin XCBuildConfiguration section */
		5FDADE91282E416C0037B2C3 /* Debug */ = {
			isa = XCBuildConfiguration;
			buildSettings = {
				ALWAYS_SEARCH_USER_PATHS = NO;
				CLANG_ANALYZER_NONNULL = YES;
				CLANG_ANALYZER_NUMBER_OBJECT_CONVERSION = YES_AGGRESSIVE;
				CLANG_CXX_LANGUAGE_STANDARD = "gnu++17";
				CLANG_CXX_LIBRARY = "libc++";
				CLANG_ENABLE_MODULES = YES;
				CLANG_ENABLE_OBJC_ARC = YES;
				CLANG_ENABLE_OBJC_WEAK = YES;
				CLANG_WARN_BLOCK_CAPTURE_AUTORELEASING = YES;
				CLANG_WARN_BOOL_CONVERSION = YES;
				CLANG_WARN_COMMA = YES;
				CLANG_WARN_CONSTANT_CONVERSION = YES;
				CLANG_WARN_DEPRECATED_OBJC_IMPLEMENTATIONS = YES;
				CLANG_WARN_DIRECT_OBJC_ISA_USAGE = YES_ERROR;
				CLANG_WARN_DOCUMENTATION_COMMENTS = YES;
				CLANG_WARN_EMPTY_BODY = YES;
				CLANG_WARN_ENUM_CONVERSION = YES;
				CLANG_WARN_INFINITE_RECURSION = YES;
				CLANG_WARN_INT_CONVERSION = YES;
				CLANG_WARN_NON_LITERAL_NULL_CONVERSION = YES;
				CLANG_WARN_OBJC_IMPLICIT_RETAIN_SELF = YES;
				CLANG_WARN_OBJC_LITERAL_CONVERSION = YES;
				CLANG_WARN_OBJC_ROOT_CLASS = YES_ERROR;
				CLANG_WARN_QUOTED_INCLUDE_IN_FRAMEWORK_HEADER = YES;
				CLANG_WARN_RANGE_LOOP_ANALYSIS = YES;
				CLANG_WARN_STRICT_PROTOTYPES = YES;
				CLANG_WARN_SUSPICIOUS_MOVE = YES;
				CLANG_WARN_UNGUARDED_AVAILABILITY = YES_AGGRESSIVE;
				CLANG_WARN_UNREACHABLE_CODE = YES;
				CLANG_WARN__DUPLICATE_METHOD_MATCH = YES;
				COPY_PHASE_STRIP = NO;
				DEBUG_INFORMATION_FORMAT = dwarf;
				ENABLE_STRICT_OBJC_MSGSEND = YES;
				ENABLE_TESTABILITY = YES;
				GCC_C_LANGUAGE_STANDARD = gnu11;
				GCC_DYNAMIC_NO_PIC = NO;
				GCC_NO_COMMON_BLOCKS = YES;
				GCC_OPTIMIZATION_LEVEL = 0;
				GCC_PREPROCESSOR_DEFINITIONS = (
					"DEBUG=1",
					"$(inherited)",
				);
				GCC_WARN_64_TO_32_BIT_CONVERSION = YES;
				GCC_WARN_ABOUT_RETURN_TYPE = YES_ERROR;
				GCC_WARN_UNDECLARED_SELECTOR = YES;
				GCC_WARN_UNINITIALIZED_AUTOS = YES_AGGRESSIVE;
				GCC_WARN_UNUSED_FUNCTION = YES;
				GCC_WARN_UNUSED_VARIABLE = YES;
				IPHONEOS_DEPLOYMENT_TARGET = 13.0;
				MTL_ENABLE_DEBUG_INFO = INCLUDE_SOURCE;
				MTL_FAST_MATH = YES;
				ONLY_ACTIVE_ARCH = YES;
				SDKROOT = iphoneos;
				SWIFT_ACTIVE_COMPILATION_CONDITIONS = DEBUG;
				SWIFT_OPTIMIZATION_LEVEL = "-Onone";
			};
			name = Debug;
		};
		5FDADE92282E416C0037B2C3 /* Release */ = {
			isa = XCBuildConfiguration;
			buildSettings = {
				ALWAYS_SEARCH_USER_PATHS = NO;
				CLANG_ANALYZER_NONNULL = YES;
				CLANG_ANALYZER_NUMBER_OBJECT_CONVERSION = YES_AGGRESSIVE;
				CLANG_CXX_LANGUAGE_STANDARD = "gnu++17";
				CLANG_CXX_LIBRARY = "libc++";
				CLANG_ENABLE_MODULES = YES;
				CLANG_ENABLE_OBJC_ARC = YES;
				CLANG_ENABLE_OBJC_WEAK = YES;
				CLANG_WARN_BLOCK_CAPTURE_AUTORELEASING = YES;
				CLANG_WARN_BOOL_CONVERSION = YES;
				CLANG_WARN_COMMA = YES;
				CLANG_WARN_CONSTANT_CONVERSION = YES;
				CLANG_WARN_DEPRECATED_OBJC_IMPLEMENTATIONS = YES;
				CLANG_WARN_DIRECT_OBJC_ISA_USAGE = YES_ERROR;
				CLANG_WARN_DOCUMENTATION_COMMENTS = YES;
				CLANG_WARN_EMPTY_BODY = YES;
				CLANG_WARN_ENUM_CONVERSION = YES;
				CLANG_WARN_INFINITE_RECURSION = YES;
				CLANG_WARN_INT_CONVERSION = YES;
				CLANG_WARN_NON_LITERAL_NULL_CONVERSION = YES;
				CLANG_WARN_OBJC_IMPLICIT_RETAIN_SELF = YES;
				CLANG_WARN_OBJC_LITERAL_CONVERSION = YES;
				CLANG_WARN_OBJC_ROOT_CLASS = YES_ERROR;
				CLANG_WARN_QUOTED_INCLUDE_IN_FRAMEWORK_HEADER = YES;
				CLANG_WARN_RANGE_LOOP_ANALYSIS = YES;
				CLANG_WARN_STRICT_PROTOTYPES = YES;
				CLANG_WARN_SUSPICIOUS_MOVE = YES;
				CLANG_WARN_UNGUARDED_AVAILABILITY = YES_AGGRESSIVE;
				CLANG_WARN_UNREACHABLE_CODE = YES;
				CLANG_WARN__DUPLICATE_METHOD_MATCH = YES;
				COPY_PHASE_STRIP = NO;
				DEBUG_INFORMATION_FORMAT = "dwarf-with-dsym";
				ENABLE_NS_ASSERTIONS = NO;
				ENABLE_STRICT_OBJC_MSGSEND = YES;
				GCC_C_LANGUAGE_STANDARD = gnu11;
				GCC_NO_COMMON_BLOCKS = YES;
				GCC_WARN_64_TO_32_BIT_CONVERSION = YES;
				GCC_WARN_ABOUT_RETURN_TYPE = YES_ERROR;
				GCC_WARN_UNDECLARED_SELECTOR = YES;
				GCC_WARN_UNINITIALIZED_AUTOS = YES_AGGRESSIVE;
				GCC_WARN_UNUSED_FUNCTION = YES;
				GCC_WARN_UNUSED_VARIABLE = YES;
				IPHONEOS_DEPLOYMENT_TARGET = 13.0;
				MTL_ENABLE_DEBUG_INFO = NO;
				MTL_FAST_MATH = YES;
				SDKROOT = iphoneos;
				SWIFT_COMPILATION_MODE = wholemodule;
				SWIFT_OPTIMIZATION_LEVEL = "-O";
				VALIDATE_PRODUCT = YES;
			};
			name = Release;
		};
		5FDADE94282E416C0037B2C3 /* Debug */ = {
			isa = XCBuildConfiguration;
			baseConfigurationReference = EAAE835002A7C31954E63CE5 /* Pods-Icerock.debug.xcconfig */;
			buildSettings = {
				ASSETCATALOG_COMPILER_APPICON_NAME = AppIcon;
				ASSETCATALOG_COMPILER_GLOBAL_ACCENT_COLOR_NAME = AccentColor;
				CODE_SIGN_STYLE = Automatic;
				CURRENT_PROJECT_VERSION = 1;
				DEVELOPMENT_TEAM = D43G9A8437;
				GENERATE_INFOPLIST_FILE = YES;
				INFOPLIST_FILE = Icerock/Info.plist;
				INFOPLIST_KEY_UIApplicationSupportsIndirectInputEvents = YES;
				INFOPLIST_KEY_UILaunchStoryboardName = LaunchScreen;
				INFOPLIST_KEY_UISupportedInterfaceOrientations = UIInterfaceOrientationPortrait;
				INFOPLIST_KEY_UISupportedInterfaceOrientations_iPad = "UIInterfaceOrientationPortrait UIInterfaceOrientationPortraitUpsideDown UIInterfaceOrientationLandscapeLeft UIInterfaceOrientationLandscapeRight";
				INFOPLIST_KEY_UISupportedInterfaceOrientations_iPhone = "UIInterfaceOrientationPortrait UIInterfaceOrientationLandscapeLeft UIInterfaceOrientationLandscapeRight";
				IPHONEOS_DEPLOYMENT_TARGET = 13.0;
				LD_RUNPATH_SEARCH_PATHS = (
					"$(inherited)",
					"@executable_path/Frameworks",
				);
				MARKETING_VERSION = 1.0;
				PRODUCT_BUNDLE_IDENTIFIER = "-.Icerock";
				PRODUCT_NAME = "$(TARGET_NAME)";
				SWIFT_EMIT_LOC_STRINGS = YES;
				SWIFT_VERSION = 5.0;
				TARGETED_DEVICE_FAMILY = 1;
			};
			name = Debug;
		};
		5FDADE95282E416C0037B2C3 /* Release */ = {
			isa = XCBuildConfiguration;
			baseConfigurationReference = B698BE3D10323277606385DB /* Pods-Icerock.release.xcconfig */;
			buildSettings = {
				ASSETCATALOG_COMPILER_APPICON_NAME = AppIcon;
				ASSETCATALOG_COMPILER_GLOBAL_ACCENT_COLOR_NAME = AccentColor;
				CODE_SIGN_STYLE = Automatic;
				CURRENT_PROJECT_VERSION = 1;
				DEVELOPMENT_TEAM = D43G9A8437;
				GENERATE_INFOPLIST_FILE = YES;
				INFOPLIST_FILE = Icerock/Info.plist;
				INFOPLIST_KEY_UIApplicationSupportsIndirectInputEvents = YES;
				INFOPLIST_KEY_UILaunchStoryboardName = LaunchScreen;
				INFOPLIST_KEY_UISupportedInterfaceOrientations = UIInterfaceOrientationPortrait;
				INFOPLIST_KEY_UISupportedInterfaceOrientations_iPad = "UIInterfaceOrientationPortrait UIInterfaceOrientationPortraitUpsideDown UIInterfaceOrientationLandscapeLeft UIInterfaceOrientationLandscapeRight";
				INFOPLIST_KEY_UISupportedInterfaceOrientations_iPhone = "UIInterfaceOrientationPortrait UIInterfaceOrientationLandscapeLeft UIInterfaceOrientationLandscapeRight";
				IPHONEOS_DEPLOYMENT_TARGET = 13.0;
				LD_RUNPATH_SEARCH_PATHS = (
					"$(inherited)",
					"@executable_path/Frameworks",
				);
				MARKETING_VERSION = 1.0;
				PRODUCT_BUNDLE_IDENTIFIER = "-.Icerock";
				PRODUCT_NAME = "$(TARGET_NAME)";
				SWIFT_EMIT_LOC_STRINGS = YES;
				SWIFT_VERSION = 5.0;
				TARGETED_DEVICE_FAMILY = 1;
			};
			name = Release;
		};
/* End XCBuildConfiguration section */

/* Begin XCConfigurationList section */
		5FDADE7A282E416B0037B2C3 /* Build configuration list for PBXProject "Icerock" */ = {
			isa = XCConfigurationList;
			buildConfigurations = (
				5FDADE91282E416C0037B2C3 /* Debug */,
				5FDADE92282E416C0037B2C3 /* Release */,
			);
			defaultConfigurationIsVisible = 0;
			defaultConfigurationName = Release;
		};
		5FDADE93282E416C0037B2C3 /* Build configuration list for PBXNativeTarget "Icerock" */ = {
			isa = XCConfigurationList;
			buildConfigurations = (
				5FDADE94282E416C0037B2C3 /* Debug */,
				5FDADE95282E416C0037B2C3 /* Release */,
			);
			defaultConfigurationIsVisible = 0;
			defaultConfigurationName = Release;
		};
/* End XCConfigurationList section */
	};
	rootObject = 5FDADE77282E416B0037B2C3 /* Project object */;
}
